
Microsoft Visual Studio Solution File, Format Version 12.00
# Visual Studio Version 16
VisualStudioVersion = 16.0.32002.261
MinimumVisualStudioVersion = 10.0.40219.1
Project("{888888A0-9F3D-457C-B088-3A5042F75D52}") = "PrototipoCloud", "PrototipoCloud.pyproj", "{8FBADF43-4DB0-4971-974C-BEE8FBB57114}"
EndProject
Global
	GlobalSection(SolutionConfigurationPlatforms) = preSolution
		Debug|Any CPU = Debug|Any CPU
		Release|Any CPU = Release|Any CPU
	EndGlobalSection
	GlobalSection(ProjectConfigurationPlatforms) = postSolution
		{8FBADF43-4DB0-4971-974C-BEE8FBB57114}.Debug|Any CPU.ActiveCfg = Debug|Any CPU
		{8FBADF43-4DB0-4971-974C-BEE8FBB57114}.Debug|Any CPU.Build.0 = Debug|Any CPU
		{8FBADF43-4DB0-4971-974C-BEE8FBB57114}.Release|Any CPU.ActiveCfg = Release|Any CPU
		{8FBADF43-4DB0-4971-974C-BEE8FBB57114}.Release|Any CPU.Build.0 = Release|Any CPU
	EndGlobalSection
	GlobalSection(SolutionProperties) = preSolution
		HideSolutionNode = FALSE
	EndGlobalSection
	GlobalSection(ExtensibilityGlobals) = postSolution
		SolutionGuid = {FB928989-1630-40BF-A361-A045A9A54DEC}
	EndGlobalSection
EndGlobal
